
Microsoft Visual Studio Solution File, Format Version 12.00
# Visual Studio 14
VisualStudioVersion = 14.0.25420.1
MinimumVisualStudioVersion = 10.0.40219.1
Project("{FAE04EC0-301F-11D3-BF4B-00C04F79EFBC}") = "ProyectoComunidad", "ProyectoComunidad\ProyectoComunidad.csproj", "{619E1739-E0C7-4AEC-989F-7FB18285C0EE}"
EndProject
Project("{FAE04EC0-301F-11D3-BF4B-00C04F79EFBC}") = "BaseDatos", "BaseDatos\BaseDatos.csproj", "{45FA9993-4762-4DC3-B90A-24F711B39D4C}"
EndProject
Global
	GlobalSection(SolutionConfigurationPlatforms) = preSolution
		Debug|Any CPU = Debug|Any CPU
		Debug|x64 = Debug|x64
		Debug|x86 = Debug|x86
		Release|Any CPU = Release|Any CPU
		Release|x64 = Release|x64
		Release|x86 = Release|x86
	EndGlobalSection
	GlobalSection(ProjectConfigurationPlatforms) = postSolution
		{619E1739-E0C7-4AEC-989F-7FB18285C0EE}.Debug|Any CPU.ActiveCfg = Debug|Any CPU
		{619E1739-E0C7-4AEC-989F-7FB18285C0EE}.Debug|Any CPU.Build.0 = Debug|Any CPU
		{619E1739-E0C7-4AEC-989F-7FB18285C0EE}.Debug|x64.ActiveCfg = Debug|Any CPU
		{619E1739-E0C7-4AEC-989F-7FB18285C0EE}.Debug|x64.Build.0 = Debug|Any CPU
		{619E1739-E0C7-4AEC-989F-7FB18285C0EE}.Debug|x86.ActiveCfg = Debug|Any CPU
		{619E1739-E0C7-4AEC-989F-7FB18285C0EE}.Debug|x86.Build.0 = Debug|Any CPU
		{619E1739-E0C7-4AEC-989F-7FB18285C0EE}.Release|Any CPU.ActiveCfg = Release|Any CPU
		{619E1739-E0C7-4AEC-989F-7FB18285C0EE}.Release|Any CPU.Build.0 = Release|Any CPU
		{619E1739-E0C7-4AEC-989F-7FB18285C0EE}.Release|x64.ActiveCfg = Release|Any CPU
		{619E1739-E0C7-4AEC-989F-7FB18285C0EE}.Release|x64.Build.0 = Release|Any CPU
		{619E1739-E0C7-4AEC-989F-7FB18285C0EE}.Release|x86.ActiveCfg = Release|Any CPU
		{619E1739-E0C7-4AEC-989F-7FB18285C0EE}.Release|x86.Build.0 = Release|Any CPU
		{45FA9993-4762-4DC3-B90A-24F711B39D4C}.Debug|Any CPU.ActiveCfg = Debug|Any CPU
		{45FA9993-4762-4DC3-B90A-24F711B39D4C}.Debug|Any CPU.Build.0 = Debug|Any CPU
		{45FA9993-4762-4DC3-B90A-24F711B39D4C}.Debug|x64.ActiveCfg = Debug|Any CPU
		{45FA9993-4762-4DC3-B90A-24F711B39D4C}.Debug|x64.Build.0 = Debug|Any CPU
		{45FA9993-4762-4DC3-B90A-24F711B39D4C}.Debug|x86.ActiveCfg = Debug|Any CPU
		{45FA9993-4762-4DC3-B90A-24F711B39D4C}.Debug|x86.Build.0 = Debug|Any CPU
		{45FA9993-4762-4DC3-B90A-24F711B39D4C}.Release|Any CPU.ActiveCfg = Release|Any CPU
		{45FA9993-4762-4DC3-B90A-24F711B39D4C}.Release|Any CPU.Build.0 = Release|Any CPU
		{45FA9993-4762-4DC3-B90A-24F711B39D4C}.Release|x64.ActiveCfg = Release|Any CPU
		{45FA9993-4762-4DC3-B90A-24F711B39D4C}.Release|x64.Build.0 = Release|Any CPU
		{45FA9993-4762-4DC3-B90A-24F711B39D4C}.Release|x86.ActiveCfg = Release|Any CPU
		{45FA9993-4762-4DC3-B90A-24F711B39D4C}.Release|x86.Build.0 = Release|Any CPU
	EndGlobalSection
	GlobalSection(SolutionProperties) = preSolution
		HideSolutionNode = FALSE
	EndGlobalSection
EndGlobal
